// !$*UTF8*$!
{
	archiveVersion = 1;
	classes = {
	};
	objectVersion = 56;
	objects = {

/* Begin PBXBuildFile section */
		F100000000000000000001 /* Realtor360App.swift in Sources */ = {isa = PBXBuildFile; fileRef = F200000000000000000001; };
		F100000000000000000002 /* ContentView.swift in Sources */ = {isa = PBXBuildFile; fileRef = F200000000000000000002; };
		F100000000000000000003 /* CaptureSession.swift in Sources */ = {isa = PBXBuildFile; fileRef = F200000000000000000003; };
		F100000000000000000004 /* CaptureStep.swift in Sources */ = {isa = PBXBuildFile; fileRef = F200000000000000000004; };
		F100000000000000000005 /* FileHelper.swift in Sources */ = {isa = PBXBuildFile; fileRef = F200000000000000000005; };
		F100000000000000000006 /* HapticManager.swift in Sources */ = {isa = PBXBuildFile; fileRef = F200000000000000000006; };
		F100000000000000000007 /* QualityChecker.swift in Sources */ = {isa = PBXBuildFile; fileRef = F200000000000000000007; };
		F100000000000000000008 /* APIClient.swift in Sources */ = {isa = PBXBuildFile; fileRef = F200000000000000000008; };
		F100000000000000000009 /* BackendMode.swift in Sources */ = {isa = PBXBuildFile; fileRef = F200000000000000000009; };
		F100000000000000000010 /* MockBackend.swift in Sources */ = {isa = PBXBuildFile; fileRef = F200000000000000000010; };
		F100000000000000000011 /* CameraManager.swift in Sources */ = {isa = PBXBuildFile; fileRef = F200000000000000000011; };
		F100000000000000000012 /* MotionManager.swift in Sources */ = {isa = PBXBuildFile; fileRef = F200000000000000000012; };
		F100000000000000000013 /* CaptureViewModel.swift in Sources */ = {isa = PBXBuildFile; fileRef = F200000000000000000013; };
		F100000000000000000014 /* UploadViewModel.swift in Sources */ = {isa = PBXBuildFile; fileRef = F200000000000000000014; };
		F100000000000000000015 /* CaptureTabView.swift in Sources */ = {isa = PBXBuildFile; fileRef = F200000000000000000015; };
		F100000000000000000016 /* CaptureHomeView.swift in Sources */ = {isa = PBXBuildFile; fileRef = F200000000000000000016; };
		F100000000000000000017 /* GuidedCaptureView.swift in Sources */ = {isa = PBXBuildFile; fileRef = F200000000000000000017; };
		F100000000000000000018 /* UploadProcessingView.swift in Sources */ = {isa = PBXBuildFile; fileRef = F200000000000000000018; };
		F100000000000000000019 /* CaptureResultView.swift in Sources */ = {isa = PBXBuildFile; fileRef = F200000000000000000019; };
		F100000000000000000020 /* ExploreView.swift in Sources */ = {isa = PBXBuildFile; fileRef = F200000000000000000020; };
		F100000000000000000021 /* ProfileView.swift in Sources */ = {isa = PBXBuildFile; fileRef = F200000000000000000021; };
		F100000000000000000022 /* PanoramaViewer.swift in Sources */ = {isa = PBXBuildFile; fileRef = F200000000000000000022; };
		F100000000000000000023 /* WorldViewer.swift in Sources */ = {isa = PBXBuildFile; fileRef = F200000000000000000023; };
		F100000000000000000024 /* PanoramaStitcher.swift in Sources */ = {isa = PBXBuildFile; fileRef = F200000000000000000024; };
		F100000000000000000025 /* ARTrackingManager.swift in Sources */ = {isa = PBXBuildFile; fileRef = F200000000000000000025; };
		F100000000000000000026 /* LiveGlobeView.swift in Sources */ = {isa = PBXBuildFile; fileRef = F200000000000000000026; };
		F100000000000000000027 /* HDRCameraManager.swift in Sources */ = {isa = PBXBuildFile; fileRef = F200000000000000000027; };
		F100000000000000000028 /* MotionTracker.swift in Sources */ = {isa = PBXBuildFile; fileRef = F200000000000000000028; };
		F100000000000000000029 /* HDRProcessor.swift in Sources */ = {isa = PBXBuildFile; fileRef = F200000000000000000029; };
		F100000000000000000030 /* SphericalTargetManager.swift in Sources */ = {isa = PBXBuildFile; fileRef = F200000000000000000030; };
		F100000000000000000031 /* TargetProjectionEngine.swift in Sources */ = {isa = PBXBuildFile; fileRef = F200000000000000000031; };
		F100000000000000000032 /* CapturedQuadManager.swift in Sources */ = {isa = PBXBuildFile; fileRef = F200000000000000000032; };
		F100000000000000000033 /* SphereCaptureManager.swift in Sources */ = {isa = PBXBuildFile; fileRef = F200000000000000000033; };
		AA1234560000000000000002 /* PreviewMosaicRenderer.swift in Sources */ = {isa = PBXBuildFile; fileRef = AA1234560000000000000001; };
		F100000000000000000090 /* Assets.xcassets in Resources */ = {isa = PBXBuildFile; fileRef = F200000000000000000090; };
/* End PBXBuildFile section */

/* Begin PBXFileReference section */
		F200000000000000000001 /* Realtor360App.swift */ = {isa = PBXFileReference; lastKnownFileType = sourcecode.swift; path = Realtor360App.swift; sourceTree = "<group>"; };
		F200000000000000000002 /* ContentView.swift */ = {isa = PBXFileReference; lastKnownFileType = sourcecode.swift; path = ContentView.swift; sourceTree = "<group>"; };
		F200000000000000000003 /* CaptureSession.swift */ = {isa = PBXFileReference; lastKnownFileType = sourcecode.swift; path = CaptureSession.swift; sourceTree = "<group>"; };
		F200000000000000000004 /* CaptureStep.swift */ = {isa = PBXFileReference; lastKnownFileType = sourcecode.swift; path = CaptureStep.swift; sourceTree = "<group>"; };
		F200000000000000000005 /* FileHelper.swift */ = {isa = PBXFileReference; lastKnownFileType = sourcecode.swift; path = FileHelper.swift; sourceTree = "<group>"; };
		F200000000000000000006 /* HapticManager.swift */ = {isa = PBXFileReference; lastKnownFileType = sourcecode.swift; path = HapticManager.swift; sourceTree = "<group>"; };
		F200000000000000000007 /* QualityChecker.swift */ = {isa = PBXFileReference; lastKnownFileType = sourcecode.swift; path = QualityChecker.swift; sourceTree = "<group>"; };
		F200000000000000000008 /* APIClient.swift */ = {isa = PBXFileReference; lastKnownFileType = sourcecode.swift; path = APIClient.swift; sourceTree = "<group>"; };
		F200000000000000000009 /* BackendMode.swift */ = {isa = PBXFileReference; lastKnownFileType = sourcecode.swift; path = BackendMode.swift; sourceTree = "<group>"; };
		F200000000000000000010 /* MockBackend.swift */ = {isa = PBXFileReference; lastKnownFileType = sourcecode.swift; path = MockBackend.swift; sourceTree = "<group>"; };
		F200000000000000000011 /* CameraManager.swift */ = {isa = PBXFileReference; lastKnownFileType = sourcecode.swift; path = CameraManager.swift; sourceTree = "<group>"; };
		F200000000000000000012 /* MotionManager.swift */ = {isa = PBXFileReference; lastKnownFileType = sourcecode.swift; path = MotionManager.swift; sourceTree = "<group>"; };
		F200000000000000000013 /* CaptureViewModel.swift */ = {isa = PBXFileReference; lastKnownFileType = sourcecode.swift; path = CaptureViewModel.swift; sourceTree = "<group>"; };
		F200000000000000000014 /* UploadViewModel.swift */ = {isa = PBXFileReference; lastKnownFileType = sourcecode.swift; path = UploadViewModel.swift; sourceTree = "<group>"; };
		F200000000000000000015 /* CaptureTabView.swift */ = {isa = PBXFileReference; lastKnownFileType = sourcecode.swift; path = CaptureTabView.swift; sourceTree = "<group>"; };
		F200000000000000000016 /* CaptureHomeView.swift */ = {isa = PBXFileReference; lastKnownFileType = sourcecode.swift; path = CaptureHomeView.swift; sourceTree = "<group>"; };
		F200000000000000000017 /* GuidedCaptureView.swift */ = {isa = PBXFileReference; lastKnownFileType = sourcecode.swift; path = GuidedCaptureView.swift; sourceTree = "<group>"; };
		F200000000000000000018 /* UploadProcessingView.swift */ = {isa = PBXFileReference; lastKnownFileType = sourcecode.swift; path = UploadProcessingView.swift; sourceTree = "<group>"; };
		F200000000000000000019 /* CaptureResultView.swift */ = {isa = PBXFileReference; lastKnownFileType = sourcecode.swift; path = CaptureResultView.swift; sourceTree = "<group>"; };
		F200000000000000000020 /* ExploreView.swift */ = {isa = PBXFileReference; lastKnownFileType = sourcecode.swift; path = ExploreView.swift; sourceTree = "<group>"; };
		F200000000000000000021 /* ProfileView.swift */ = {isa = PBXFileReference; lastKnownFileType = sourcecode.swift; path = ProfileView.swift; sourceTree = "<group>"; };
		F200000000000000000022 /* PanoramaViewer.swift */ = {isa = PBXFileReference; lastKnownFileType = sourcecode.swift; path = PanoramaViewer.swift; sourceTree = "<group>"; };
		F200000000000000000023 /* WorldViewer.swift */ = {isa = PBXFileReference; lastKnownFileType = sourcecode.swift; path = WorldViewer.swift; sourceTree = "<group>"; };
		F200000000000000000024 /* PanoramaStitcher.swift */ = {isa = PBXFileReference; lastKnownFileType = sourcecode.swift; path = PanoramaStitcher.swift; sourceTree = "<group>"; };
		F200000000000000000025 /* ARTrackingManager.swift */ = {isa = PBXFileReference; lastKnownFileType = sourcecode.swift; path = ARTrackingManager.swift; sourceTree = "<group>"; };
		F200000000000000000026 /* LiveGlobeView.swift */ = {isa = PBXFileReference; lastKnownFileType = sourcecode.swift; path = LiveGlobeView.swift; sourceTree = "<group>"; };
		F200000000000000000027 /* HDRCameraManager.swift */ = {isa = PBXFileReference; lastKnownFileType = sourcecode.swift; path = HDRCameraManager.swift; sourceTree = "<group>"; };
		F200000000000000000028 /* MotionTracker.swift */ = {isa = PBXFileReference; lastKnownFileType = sourcecode.swift; path = MotionTracker.swift; sourceTree = "<group>"; };
		F200000000000000000029 /* HDRProcessor.swift */ = {isa = PBXFileReference; lastKnownFileType = sourcecode.swift; path = HDRProcessor.swift; sourceTree = "<group>"; };
		F200000000000000000030 /* SphericalTargetManager.swift */ = {isa = PBXFileReference; lastKnownFileType = sourcecode.swift; path = SphericalTargetManager.swift; sourceTree = "<group>"; };
		F200000000000000000031 /* TargetProjectionEngine.swift */ = {isa = PBXFileReference; lastKnownFileType = sourcecode.swift; path = TargetProjectionEngine.swift; sourceTree = "<group>"; };
		F200000000000000000032 /* CapturedQuadManager.swift */ = {isa = PBXFileReference; lastKnownFileType = sourcecode.swift; path = CapturedQuadManager.swift; sourceTree = "<group>"; };
		F200000000000000000033 /* SphereCaptureManager.swift */ = {isa = PBXFileReference; lastKnownFileType = sourcecode.swift; path = SphereCaptureManager.swift; sourceTree = "<group>"; };
		AA1234560000000000000001 /* PreviewMosaicRenderer.swift */ = {isa = PBXFileReference; lastKnownFileType = sourcecode.swift; path = PreviewMosaicRenderer.swift; sourceTree = "<group>"; };
		F200000000000000000090 /* Assets.xcassets */ = {isa = PBXFileReference; lastKnownFileType = folder.assetcatalog; path = Assets.xcassets; sourceTree = "<group>"; };
		F200000000000000000091 /* Info.plist */ = {isa = PBXFileReference; lastKnownFileType = text.plist.xml; path = Info.plist; sourceTree = "<group>"; };
		F200000000000000000092 /* Realtor360.entitlements */ = {isa = PBXFileReference; lastKnownFileType = text.plist.entitlements; path = Realtor360.entitlements; sourceTree = "<group>"; };
		F200000000000000000099 /* Realtor360.app */ = {isa = PBXFileReference; explicitFileType = wrapper.application; includeInIndex = 0; path = Realtor360.app; sourceTree = BUILT_PRODUCTS_DIR; };
/* End PBXFileReference section */

/* Begin PBXFrameworksBuildPhase section */
		F300000000000000000001 /* Frameworks */ = {
			isa = PBXFrameworksBuildPhase;
			buildActionMask = 2147483647;
			files = (
			);
			runOnlyForDeploymentPostprocessing = 0;
		};
/* End PBXFrameworksBuildPhase section */

/* Begin PBXGroup section */
		F400000000000000000000 /* root */ = {
			isa = PBXGroup;
			children = (
				F400000000000000000001 /* Realtor360 */,
				F400000000000000000099 /* Products */,
			);
			sourceTree = "<group>";
		};
		F400000000000000000099 /* Products */ = {
			isa = PBXGroup;
			children = (
				F200000000000000000099 /* Realtor360.app */,
			);
			name = Products;
			sourceTree = "<group>";
		};
		F400000000000000000001 /* Realtor360 */ = {
			isa = PBXGroup;
			children = (
				F400000000000000000010 /* App */,
				F400000000000000000020 /* Core */,
				F400000000000000000040 /* Features */,
				F400000000000000000070 /* Viewers */,
				F200000000000000000090 /* Assets.xcassets */,
				F200000000000000000091 /* Info.plist */,
				F200000000000000000092 /* Realtor360.entitlements */,
			);
			path = Realtor360;
			sourceTree = "<group>";
		};
		F400000000000000000010 /* App */ = {
			isa = PBXGroup;
			children = (
				F200000000000000000001 /* Realtor360App.swift */,
				F200000000000000000002 /* ContentView.swift */,
			);
			path = App;
			sourceTree = "<group>";
		};
		F400000000000000000020 /* Core */ = {
			isa = PBXGroup;
			children = (
				F400000000000000000021 /* Models */,
				F400000000000000000022 /* Helpers */,
				F400000000000000000023 /* Networking */,
			);
			path = Core;
			sourceTree = "<group>";
		};
		F400000000000000000021 /* Models */ = {
			isa = PBXGroup;
			children = (
				F200000000000000000003 /* CaptureSession.swift */,
				F200000000000000000004 /* CaptureStep.swift */,
			);
			path = Models;
			sourceTree = "<group>";
		};
		F400000000000000000022 /* Helpers */ = {
			isa = PBXGroup;
			children = (
				F200000000000000000005 /* FileHelper.swift */,
				F200000000000000000006 /* HapticManager.swift */,
				F200000000000000000029 /* HDRProcessor.swift */,
				F200000000000000000024 /* PanoramaStitcher.swift */,
				F200000000000000000007 /* QualityChecker.swift */,
			);
			path = Helpers;
			sourceTree = "<group>";
		};
		F400000000000000000023 /* Networking */ = {
			isa = PBXGroup;
			children = (
				F200000000000000000008 /* APIClient.swift */,
				F200000000000000000009 /* BackendMode.swift */,
				F200000000000000000010 /* MockBackend.swift */,
			);
			path = Networking;
			sourceTree = "<group>";
		};
		F400000000000000000040 /* Features */ = {
			isa = PBXGroup;
			children = (
				F400000000000000000041 /* Capture */,
				F400000000000000000042 /* Explore */,
				F400000000000000000043 /* Profile */,
			);
			path = Features;
			sourceTree = "<group>";
		};
		F400000000000000000041 /* Capture */ = {
			isa = PBXGroup;
			children = (
				F200000000000000000025 /* ARTrackingManager.swift */,
				F200000000000000000011 /* CameraManager.swift */,
				F200000000000000000027 /* HDRCameraManager.swift */,
				F200000000000000000012 /* MotionManager.swift */,
				F200000000000000000028 /* MotionTracker.swift */,
				F200000000000000000013 /* CaptureViewModel.swift */,
				F200000000000000000014 /* UploadViewModel.swift */,
				F200000000000000000015 /* CaptureTabView.swift */,
				F200000000000000000016 /* CaptureHomeView.swift */,
				F200000000000000000017 /* GuidedCaptureView.swift */,
				F200000000000000000018 /* UploadProcessingView.swift */,
				F200000000000000000019 /* CaptureResultView.swift */,
				F200000000000000000030 /* SphericalTargetManager.swift */,
				F200000000000000000031 /* TargetProjectionEngine.swift */,
				F200000000000000000032 /* CapturedQuadManager.swift */,
				F200000000000000000033 /* SphereCaptureManager.swift */,
				AA1234560000000000000001 /* PreviewMosaicRenderer.swift */,
			);
			path = Capture;
			sourceTree = "<group>";
		};
		F400000000000000000042 /* Explore */ = {
			isa = PBXGroup;
			children = (
				F200000000000000000020 /* ExploreView.swift */,
			);
			path = Explore;
			sourceTree = "<group>";
		};
		F400000000000000000043 /* Profile */ = {
			isa = PBXGroup;
			children = (
				F200000000000000000021 /* ProfileView.swift */,
			);
			path = Profile;
			sourceTree = "<group>";
		};
		F400000000000000000070 /* Viewers */ = {
			isa = PBXGroup;
			children = (
				F200000000000000000026 /* LiveGlobeView.swift */,
				F200000000000000000022 /* PanoramaViewer.swift */,
				F200000000000000000023 /* WorldViewer.swift */,
			);
			path = Viewers;
			sourceTree = "<group>";
		};
/* End PBXGroup section */

/* Begin PBXNativeTarget section */
		F500000000000000000001 /* Realtor360 */ = {
			isa = PBXNativeTarget;
			buildConfigurationList = F600000000000000000002 /* Build configuration list for PBXNativeTarget "Realtor360" */;
			buildPhases = (
				F700000000000000000001 /* Sources */,
				F300000000000000000001 /* Frameworks */,
				F800000000000000000001 /* Resources */,
			);
			buildRules = (
			);
			dependencies = (
			);
			name = Realtor360;
			productName = Realtor360;
			productReference = F200000000000000000099 /* Realtor360.app */;
			productType = "com.apple.product-type.application";
		};
/* End PBXNativeTarget section */

/* Begin PBXProject section */
		F900000000000000000001 /* Project object */ = {
			isa = PBXProject;
			attributes = {
				BuildIndependentTargetsInParallel = 1;
				LastSwiftUpdateCheck = 1500;
				LastUpgradeCheck = 1500;
				TargetAttributes = {
					F500000000000000000001 = {
						CreatedOnToolsVersion = 15.0;
					};
				};
			};
			buildConfigurationList = F600000000000000000001 /* Build configuration list for PBXProject "Realtor360" */;
			compatibilityVersion = "Xcode 14.0";
			developmentRegion = en;
			hasScannedForEncodings = 0;
			knownRegions = (
				en,
				Base,
			);
			mainGroup = F400000000000000000000;
			productRefGroup = F400000000000000000099 /* Products */;
			projectDirPath = "";
			projectRoot = "";
			targets = (
				F500000000000000000001 /* Realtor360 */,
			);
		};
/* End PBXProject section */

/* Begin PBXResourcesBuildPhase section */
		F800000000000000000001 /* Resources */ = {
			isa = PBXResourcesBuildPhase;
			buildActionMask = 2147483647;
			files = (
				F100000000000000000090 /* Assets.xcassets in Resources */,
			);
			runOnlyForDeploymentPostprocessing = 0;
		};
/* End PBXResourcesBuildPhase section */

/* Begin PBXSourcesBuildPhase section */
		F700000000000000000001 /* Sources */ = {
			isa = PBXSourcesBuildPhase;
			buildActionMask = 2147483647;
			files = (
				F100000000000000000001 /* Realtor360App.swift in Sources */,
				F100000000000000000002 /* ContentView.swift in Sources */,
				F100000000000000000003 /* CaptureSession.swift in Sources */,
				F100000000000000000004 /* CaptureStep.swift in Sources */,
				F100000000000000000005 /* FileHelper.swift in Sources */,
				F100000000000000000006 /* HapticManager.swift in Sources */,
				F100000000000000000007 /* QualityChecker.swift in Sources */,
				F100000000000000000008 /* APIClient.swift in Sources */,
				F100000000000000000009 /* BackendMode.swift in Sources */,
				F100000000000000000010 /* MockBackend.swift in Sources */,
				F100000000000000000011 /* CameraManager.swift in Sources */,
				F100000000000000000012 /* MotionManager.swift in Sources */,
				F100000000000000000013 /* CaptureViewModel.swift in Sources */,
				F100000000000000000014 /* UploadViewModel.swift in Sources */,
				F100000000000000000015 /* CaptureTabView.swift in Sources */,
				F100000000000000000016 /* CaptureHomeView.swift in Sources */,
				F100000000000000000017 /* GuidedCaptureView.swift in Sources */,
				F100000000000000000018 /* UploadProcessingView.swift in Sources */,
				F100000000000000000019 /* CaptureResultView.swift in Sources */,
				F100000000000000000020 /* ExploreView.swift in Sources */,
				F100000000000000000021 /* ProfileView.swift in Sources */,
				F100000000000000000022 /* PanoramaViewer.swift in Sources */,
				F100000000000000000023 /* WorldViewer.swift in Sources */,
				F100000000000000000024 /* PanoramaStitcher.swift in Sources */,
				F100000000000000000025 /* ARTrackingManager.swift in Sources */,
				F100000000000000000026 /* LiveGlobeView.swift in Sources */,
				F100000000000000000027 /* HDRCameraManager.swift in Sources */,
				F100000000000000000028 /* MotionTracker.swift in Sources */,
				F100000000000000000029 /* HDRProcessor.swift in Sources */,
				F100000000000000000030 /* SphericalTargetManager.swift in Sources */,
				F100000000000000000031 /* TargetProjectionEngine.swift in Sources */,
				F100000000000000000032 /* CapturedQuadManager.swift in Sources */,
				F100000000000000000033 /* SphereCaptureManager.swift in Sources */,
				AA1234560000000000000002 /* PreviewMosaicRenderer.swift in Sources */,
			);
			runOnlyForDeploymentPostprocessing = 0;
		};
/* End PBXSourcesBuildPhase section */

/* Begin XCBuildConfiguration section */
		FA00000000000000000001 /* Debug */ = {
			isa = XCBuildConfiguration;
			buildSettings = {
				ALWAYS_SEARCH_USER_PATHS = NO;
				ASSETCATALOG_COMPILER_GENERATE_SWIFT_ASSET_SYMBOL_EXTENSIONS = YES;
				CLANG_ANALYZER_NONNULL = YES;
				CLANG_CXX_LANGUAGE_STANDARD = "gnu++20";
				CLANG_ENABLE_MODULES = YES;
				CLANG_ENABLE_OBJC_ARC = YES;
				CLANG_WARN_BLOCK_CAPTURE_AUTORELEASING = YES;
				CLANG_WARN_BOOL_CONVERSION = YES;
				CLANG_WARN_COMMA = YES;
				CLANG_WARN_CONSTANT_CONVERSION = YES;
				CLANG_WARN_DIRECT_OBJC_ISA_USAGE = YES_ERROR;
				CLANG_WARN_DOCUMENTATION_COMMENTS = YES;
				CLANG_WARN_EMPTY_BODY = YES;
				CLANG_WARN_ENUM_CONVERSION = YES;
				CLANG_WARN_INT_CONVERSION = YES;
				CLANG_WARN_OBJC_ROOT_CLASS = YES_ERROR;
				CLANG_WARN_QUOTED_INCLUDE_IN_FRAMEWORK_HEADER = YES;
				CLANG_WARN_UNGUARDED_AVAILABILITY = YES_COMPLETE;
				CLANG_WARN_UNREACHABLE_CODE = YES;
				COPY_PHASE_STRIP = NO;
				DEBUG_INFORMATION_FORMAT = dwarf;
				ENABLE_STRICT_OBJC_MSGSEND = YES;
				ENABLE_TESTABILITY = YES;
				GCC_DYNAMIC_NO_PIC = NO;
				GCC_NO_COMMON_BLOCKS = YES;
				GCC_OPTIMIZATION_LEVEL = 0;
				GCC_PREPROCESSOR_DEFINITIONS = (
					"DEBUG=1",
					"$(inherited)",
				);
				GCC_WARN_64_TO_32_BIT_CONVERSION = YES;
				GCC_WARN_ABOUT_RETURN_TYPE = YES_ERROR;
				GCC_WARN_UNINITIALIZED_AUTOS = YES_AGGRESSIVE;
				GCC_WARN_UNUSED_FUNCTION = YES;
				GCC_WARN_UNUSED_VARIABLE = YES;
				IPHONEOS_DEPLOYMENT_TARGET = 17.0;
				MTL_ENABLE_DEBUG_INFO = INCLUDE_SOURCE;
				MTL_FAST_MATH = YES;
				ONLY_ACTIVE_ARCH = YES;
				SDKROOT = iphoneos;
				SWIFT_ACTIVE_COMPILATION_CONDITIONS = "DEBUG $(inherited)";
				SWIFT_OPTIMIZATION_LEVEL = "-Onone";
			};
			name = Debug;
		};
		FA00000000000000000002 /* Release */ = {
			isa = XCBuildConfiguration;
			buildSettings = {
				ALWAYS_SEARCH_USER_PATHS = NO;
				ASSETCATALOG_COMPILER_GENERATE_SWIFT_ASSET_SYMBOL_EXTENSIONS = YES;
				CLANG_ANALYZER_NONNULL = YES;
				CLANG_CXX_LANGUAGE_STANDARD = "gnu++20";
				CLANG_ENABLE_MODULES = YES;
				CLANG_ENABLE_OBJC_ARC = YES;
				CLANG_WARN_BLOCK_CAPTURE_AUTORELEASING = YES;
				CLANG_WARN_BOOL_CONVERSION = YES;
				CLANG_WARN_COMMA = YES;
				CLANG_WARN_CONSTANT_CONVERSION = YES;
				CLANG_WARN_DIRECT_OBJC_ISA_USAGE = YES_ERROR;
				CLANG_WARN_DOCUMENTATION_COMMENTS = YES;
				CLANG_WARN_EMPTY_BODY = YES;
				CLANG_WARN_ENUM_CONVERSION = YES;
				CLANG_WARN_INT_CONVERSION = YES;
				CLANG_WARN_OBJC_ROOT_CLASS = YES_ERROR;
				CLANG_WARN_QUOTED_INCLUDE_IN_FRAMEWORK_HEADER = YES;
				CLANG_WARN_UNGUARDED_AVAILABILITY = YES_COMPLETE;
				CLANG_WARN_UNREACHABLE_CODE = YES;
				COPY_PHASE_STRIP = NO;
				DEBUG_INFORMATION_FORMAT = "dwarf-with-dsym";
				ENABLE_NS_ASSERTIONS = NO;
				ENABLE_STRICT_OBJC_MSGSEND = YES;
				GCC_NO_COMMON_BLOCKS = YES;
				GCC_WARN_64_TO_32_BIT_CONVERSION = YES;
				GCC_WARN_ABOUT_RETURN_TYPE = YES_ERROR;
				GCC_WARN_UNINITIALIZED_AUTOS = YES_AGGRESSIVE;
				GCC_WARN_UNUSED_FUNCTION = YES;
				GCC_WARN_UNUSED_VARIABLE = YES;
				IPHONEOS_DEPLOYMENT_TARGET = 17.0;
				MTL_FAST_MATH = YES;
				SDKROOT = iphoneos;
				SWIFT_COMPILATION_MODE = wholemodule;
				VALIDATE_PRODUCT = YES;
			};
			name = Release;
		};
		FA00000000000000000003 /* Debug */ = {
			isa = XCBuildConfiguration;
			buildSettings = {
				ASSETCATALOG_COMPILER_APPICON_NAME = AppIcon;
				ASSETCATALOG_COMPILER_GLOBAL_ACCENT_COLOR_NAME = AccentColor;
				CODE_SIGN_ENTITLEMENTS = Realtor360/Realtor360.entitlements;
				CODE_SIGN_STYLE = Automatic;
				CURRENT_PROJECT_VERSION = 1;
				DEVELOPMENT_TEAM = E84D5MP95F;
				ENABLE_PREVIEWS = YES;
				GENERATE_INFOPLIST_FILE = YES;
				INFOPLIST_FILE = Realtor360/Info.plist;
				INFOPLIST_KEY_CFBundleDisplayName = "Realtor 360";
				INFOPLIST_KEY_UIApplicationSceneManifest_Generation = YES;
				INFOPLIST_KEY_UIApplicationSupportsIndirectInputEvents = YES;
				INFOPLIST_KEY_UILaunchScreen_Generation = YES;
				INFOPLIST_KEY_UISupportedInterfaceOrientations = UIInterfaceOrientationPortrait;
				LD_RUNPATH_SEARCH_PATHS = (
					"$(inherited)",
					"@executable_path/Frameworks",
				);
				MARKETING_VERSION = 1.0;
				PRODUCT_BUNDLE_IDENTIFIER = com.realtor360.app;
				PRODUCT_NAME = "$(TARGET_NAME)";
				SUPPORTED_PLATFORMS = "iphoneos iphonesimulator";
				SUPPORTS_MACCATALYST = NO;
				SWIFT_EMIT_LOC_STRINGS = YES;
				SWIFT_VERSION = 5.0;
				TARGETED_DEVICE_FAMILY = 1;
			};
			name = Debug;
		};
		FA00000000000000000004 /* Release */ = {
			isa = XCBuildConfiguration;
			buildSettings = {
				ASSETCATALOG_COMPILER_APPICON_NAME = AppIcon;
				ASSETCATALOG_COMPILER_GLOBAL_ACCENT_COLOR_NAME = AccentColor;
				CODE_SIGN_ENTITLEMENTS = Realtor360/Realtor360.entitlements;
				CODE_SIGN_STYLE = Automatic;
				CURRENT_PROJECT_VERSION = 1;
				DEVELOPMENT_TEAM = E84D5MP95F;
				ENABLE_PREVIEWS = YES;
				GENERATE_INFOPLIST_FILE = YES;
				INFOPLIST_FILE = Realtor360/Info.plist;
				INFOPLIST_KEY_CFBundleDisplayName = "Realtor 360";
				INFOPLIST_KEY_UIApplicationSceneManifest_Generation = YES;
				INFOPLIST_KEY_UIApplicationSupportsIndirectInputEvents = YES;
				INFOPLIST_KEY_UILaunchScreen_Generation = YES;
				INFOPLIST_KEY_UISupportedInterfaceOrientations = UIInterfaceOrientationPortrait;
				LD_RUNPATH_SEARCH_PATHS = (
					"$(inherited)",
					"@executable_path/Frameworks",
				);
				MARKETING_VERSION = 1.0;
				PRODUCT_BUNDLE_IDENTIFIER = com.realtor360.app;
				PRODUCT_NAME = "$(TARGET_NAME)";
				SUPPORTED_PLATFORMS = "iphoneos iphonesimulator";
				SUPPORTS_MACCATALYST = NO;
				SWIFT_EMIT_LOC_STRINGS = YES;
				SWIFT_VERSION = 5.0;
				TARGETED_DEVICE_FAMILY = 1;
			};
			name = Release;
		};
/* End XCBuildConfiguration section */

/* Begin XCConfigurationList section */
		F600000000000000000001 /* Build configuration list for PBXProject "Realtor360" */ = {
			isa = XCConfigurationList;
			buildConfigurations = (
				FA00000000000000000001 /* Debug */,
				FA00000000000000000002 /* Release */,
			);
			defaultConfigurationIsVisible = 0;
			defaultConfigurationName = Release;
		};
		F600000000000000000002 /* Build configuration list for PBXNativeTarget "Realtor360" */ = {
			isa = XCConfigurationList;
			buildConfigurations = (
				FA00000000000000000003 /* Debug */,
				FA00000000000000000004 /* Release */,
			);
			defaultConfigurationIsVisible = 0;
			defaultConfigurationName = Release;
		};
/* End XCConfigurationList section */
	};
	rootObject = F900000000000000000001 /* Project object */;
}
